
Microsoft Visual Studio Solution File, Format Version 12.00
# Visual Studio Version 16
VisualStudioVersion = 16.0.28922.388
MinimumVisualStudioVersion = 10.0.40219.1
Project("{F184B08F-C81C-45F6-A57F-5ABD9991F28F}") = "LaserHarpHost", "LaserHarpHost\LaserHarpHost.vbproj", "{971E22EE-99E4-4E46-A951-3C2EC96A1EBD}"
EndProject
Global
	GlobalSection(SolutionConfigurationPlatforms) = preSolution
		Debug|Any CPU = Debug|Any CPU
		Release|Any CPU = Release|Any CPU
	EndGlobalSection
	GlobalSection(ProjectConfigurationPlatforms) = postSolution
		{971E22EE-99E4-4E46-A951-3C2EC96A1EBD}.Debug|Any CPU.ActiveCfg = Debug|Any CPU
		{971E22EE-99E4-4E46-A951-3C2EC96A1EBD}.Debug|Any CPU.Build.0 = Debug|Any CPU
		{971E22EE-99E4-4E46-A951-3C2EC96A1EBD}.Release|Any CPU.ActiveCfg = Release|Any CPU
		{971E22EE-99E4-4E46-A951-3C2EC96A1EBD}.Release|Any CPU.Build.0 = Release|Any CPU
	EndGlobalSection
	GlobalSection(SolutionProperties) = preSolution
		HideSolutionNode = FALSE
	EndGlobalSection
	GlobalSection(ExtensibilityGlobals) = postSolution
		SolutionGuid = {E7209E8C-8ECF-4E7B-A366-0AD560053176}
	EndGlobalSection
EndGlobal
